// generated by milpa; reproducible build snapshot
version 1
strategy "maxver"

dep "bearssl" {
    source {
        kind "registry"
        registry "tianguis"
        namespace "github.com/status-im"
        name "bearssl"
    }
    identity "dag-sha256:44d02674738c84edb69be33b2a4aa0a1b82a8822cccef087d9a7505ce7d0d57a"
    version "0.2.12"
    src_dir ""
    requires "unittest2"
    attestation {
        kind "milpa-vendored"
        bundle sha256="9a691d82e04f3eddb6be6d02cdecda2fdd6421d47179fed14946c711e52c10eb"
        namespace "github.com/status-im"
    }
    provenance {
        origin "observed"
        kind "git"
        url "https://github.com/status-im/nim-bearssl"
        ref "v0.2.12"
        commit_sha "945ac7beb5f18172c04f253e6210ebe9b0545050"
    }
}

dep "httputils" {
    source {
        kind "registry"
        registry "tianguis"
        namespace "github.com/status-im"
        name "httputils"
    }
    identity "dag-sha256:b8dcdbfa39acde5b157922496c65f6020886b6408d3a4b06cf08eebc66f6e227"
    version "0.5.0"
    src_dir ""
    requires "results" "stew" "unittest2"
    attestation {
        kind "milpa-vendored"
        bundle sha256="af110843e23a395c6410454b29d90e510a3eff9940d3452c7bc4432dba99bece"
        namespace "github.com/status-im"
    }
    provenance {
        origin "observed"
        kind "git"
        url "https://github.com/status-im/nim-http-utils"
        ref "v0.5.0"
        commit_sha "1e11ab929058e43c825d92006660c84caea9b1c0"
    }
}

dep "results" {
    source {
        kind "registry"
        registry "tianguis"
        namespace "github.com/arnetheduck"
        name "results"
    }
    identity "dag-sha256:009d59082efa9df37a24ba53fc8a5d894c8a5481cb1fb981d4dd761630c31aa4"
    version "0.5.1"
    src_dir ""
    requires
    attestation {
        kind "milpa-vendored"
        bundle sha256="566dd334780eb47ebea70b1447a73dc933b719cb35807af22eae20b1821ebccd"
        namespace "github.com/arnetheduck"
    }
    provenance {
        origin "observed"
        kind "git"
        url "https://github.com/arnetheduck/nim-results"
        ref "v0.5.1"
        commit_sha "df8113dda4c2d74d460a8fa98252b0b771bf1f27"
    }
}

dep "stew" {
    source {
        kind "registry"
        registry "tianguis"
        namespace "github.com/status-im"
        name "stew"
    }
    identity "dag-sha256:672c51259b18c0ace36c575ace7cfab07c44ca40ec4932234d86f3b5840ed4e5"
    version "0.5.1"
    src_dir ""
    requires "results" "unittest2"
    attestation {
        kind "milpa-vendored"
        bundle sha256="4344f883ad92f7f92aa32605676865ccf64dc38a29d04ef82deaaf41e2c1a58b"
        namespace "github.com/status-im"
    }
    provenance {
        origin "observed"
        kind "git"
        url "https://github.com/status-im/nim-stew"
        ref "v0.5.1"
        commit_sha "232673b2c2ec5ef05962ad8082878869b3b6d084"
    }
}

dep "unittest2" {
    source {
        kind "registry"
        registry "tianguis"
        namespace "github.com/status-im"
        name "unittest2"
    }
    identity "dag-sha256:ae4d18560d38e26c73ea229334723d4effcc8fba9ebec1e4a03fcff673586feb"
    version "0.2.5"
    src_dir ""
    requires
    attestation {
        kind "milpa-vendored"
        bundle sha256="abf4c4faf3ec7bef2df224f5e837923bc3eef0c6e12a92f5d1f3d2ded760cd1d"
        namespace "github.com/status-im"
    }
    provenance {
        origin "observed"
        kind "git"
        url "https://github.com/status-im/nim-unittest2"
        ref "v0.2.5"
        commit_sha "26f2ef3ae0ec72a2a75bfe557e02e88f6a31c189"
    }
}
